
Microsoft Visual Studio Solution File, Format Version 12.00
# Visual Studio Version 17
VisualStudioVersion = 17.0.32112.339
MinimumVisualStudioVersion = 10.0.40219.1
Project("{9A19103F-16F7-4668-BE54-9A1E7A4F7556}") = "FBSpatialEntity", "FBSpatialEntity.csproj", "{D5AFEF4F-965E-4515-9A14-25A99E91212E}"
EndProject
Global
	GlobalSection(SolutionConfigurationPlatforms) = preSolution
		Debug|Any CPU = Debug|Any CPU
		Release|Any CPU = Release|Any CPU
	EndGlobalSection
	GlobalSection(ProjectConfigurationPlatforms) = postSolution
		{D5AFEF4F-965E-4515-9A14-25A99E91212E}.Debug|Any CPU.ActiveCfg = Debug|Any CPU
		{D5AFEF4F-965E-4515-9A14-25A99E91212E}.Debug|Any CPU.Build.0 = Debug|Any CPU
		{D5AFEF4F-965E-4515-9A14-25A99E91212E}.Release|Any CPU.ActiveCfg = Release|Any CPU
		{D5AFEF4F-965E-4515-9A14-25A99E91212E}.Release|Any CPU.Build.0 = Release|Any CPU
	EndGlobalSection
	GlobalSection(SolutionProperties) = preSolution
		HideSolutionNode = FALSE
	EndGlobalSection
	GlobalSection(ExtensibilityGlobals) = postSolution
		SolutionGuid = {FB053EF1-9A11-4234-BE04-ACF2FC0DBEAC}
	EndGlobalSection
EndGlobal
